
Microsoft Visual Studio Solution File, Format Version 12.00
# Visual Studio Version 16
VisualStudioVersion = 16.0.28803.452
MinimumVisualStudioVersion = 10.0.40219.1
Project("{FAE04EC0-301F-11D3-BF4B-00C04F79EFBC}") = "SuperAdventure", "SuperAdventure\SuperAdventure.csproj", "{84FD1AF6-6C0E-45F8-B69B-9534FCD063B1}"
EndProject
Project("{FAE04EC0-301F-11D3-BF4B-00C04F79EFBC}") = "Engine", "Engine\Engine.csproj", "{A41E609B-E388-420D-B28D-10A1AF1C6F42}"
EndProject
Global
	GlobalSection(SolutionConfigurationPlatforms) = preSolution
		Debug|Any CPU = Debug|Any CPU
		Release|Any CPU = Release|Any CPU
	EndGlobalSection
	GlobalSection(ProjectConfigurationPlatforms) = postSolution
		{84FD1AF6-6C0E-45F8-B69B-9534FCD063B1}.Debug|Any CPU.ActiveCfg = Debug|Any CPU
		{84FD1AF6-6C0E-45F8-B69B-9534FCD063B1}.Debug|Any CPU.Build.0 = Debug|Any CPU
		{84FD1AF6-6C0E-45F8-B69B-9534FCD063B1}.Release|Any CPU.ActiveCfg = Release|Any CPU
		{84FD1AF6-6C0E-45F8-B69B-9534FCD063B1}.Release|Any CPU.Build.0 = Release|Any CPU
		{A41E609B-E388-420D-B28D-10A1AF1C6F42}.Debug|Any CPU.ActiveCfg = Debug|Any CPU
		{A41E609B-E388-420D-B28D-10A1AF1C6F42}.Debug|Any CPU.Build.0 = Debug|Any CPU
		{A41E609B-E388-420D-B28D-10A1AF1C6F42}.Release|Any CPU.ActiveCfg = Release|Any CPU
		{A41E609B-E388-420D-B28D-10A1AF1C6F42}.Release|Any CPU.Build.0 = Release|Any CPU
	EndGlobalSection
	GlobalSection(SolutionProperties) = preSolution
		HideSolutionNode = FALSE
	EndGlobalSection
	GlobalSection(ExtensibilityGlobals) = postSolution
		SolutionGuid = {83D2C637-F637-4FD7-BB8A-F16E94B74557}
	EndGlobalSection
EndGlobal
